
Microsoft Visual Studio Solution File, Format Version 12.00
# Visual Studio Version 16
VisualStudioVersion = 16.0.30717.126
MinimumVisualStudioVersion = 10.0.40219.1
Project("{FAE04EC0-301F-11D3-BF4B-00C04F79EFBC}") = "IOT", "IOT\IOT.csproj", "{F4C304AA-98CC-4AD9-AD8B-EEBD71EAE57F}"
EndProject
Global
	GlobalSection(SolutionConfigurationPlatforms) = preSolution
		Debug|Any CPU = Debug|Any CPU
		Release|Any CPU = Release|Any CPU
	EndGlobalSection
	GlobalSection(ProjectConfigurationPlatforms) = postSolution
		{F4C304AA-98CC-4AD9-AD8B-EEBD71EAE57F}.Debug|Any CPU.ActiveCfg = Debug|Any CPU
		{F4C304AA-98CC-4AD9-AD8B-EEBD71EAE57F}.Debug|Any CPU.Build.0 = Debug|Any CPU
		{F4C304AA-98CC-4AD9-AD8B-EEBD71EAE57F}.Release|Any CPU.ActiveCfg = Release|Any CPU
		{F4C304AA-98CC-4AD9-AD8B-EEBD71EAE57F}.Release|Any CPU.Build.0 = Release|Any CPU
	EndGlobalSection
	GlobalSection(SolutionProperties) = preSolution
		HideSolutionNode = FALSE
	EndGlobalSection
	GlobalSection(ExtensibilityGlobals) = postSolution
		SolutionGuid = {AC308447-8349-499E-9D94-BB1902AA2352}
	EndGlobalSection
EndGlobal
